// !$*UTF8*$!
{
	archiveVersion = 1;
	classes = {
	};
	objectVersion = 46;
	objects = {

/* Begin PBXBuildFile section */
		EC09692F1F1EE506002E2CD3 /* main.m in Sources */ = {isa = PBXBuildFile; fileRef = EC09692E1F1EE506002E2CD3 /* main.m */; };
		EC0969321F1EE506002E2CD3 /* AppDelegate.m in Sources */ = {isa = PBXBuildFile; fileRef = EC0969311F1EE506002E2CD3 /* AppDelegate.m */; };
		EC0969351F1EE506002E2CD3 /* ViewController.m in Sources */ = {isa = PBXBuildFile; fileRef = EC0969341F1EE506002E2CD3 /* ViewController.m */; };
		EC0969381F1EE506002E2CD3 /* Main.storyboard in Resources */ = {isa = PBXBuildFile; fileRef = EC0969361F1EE506002E2CD3 /* Main.storyboard */; };
		EC09693A1F1EE506002E2CD3 /* Assets.xcassets in Resources */ = {isa = PBXBuildFile; fileRef = EC0969391F1EE506002E2CD3 /* Assets.xcassets */; };
		EC09693D1F1EE506002E2CD3 /* LaunchScreen.storyboard in Resources */ = {isa = PBXBuildFile; fileRef = EC09693B1F1EE506002E2CD3 /* LaunchScreen.storyboard */; };
/* End PBXBuildFile section */

/* Begin PBXFileReference section */
		EC09692A1F1EE506002E2CD3 /* TextView.app */ = {isa = PBXFileReference; explicitFileType = wrapper.application; includeInIndex = 0; path = TextView.app; sourceTree = BUILT_PRODUCTS_DIR; };
		EC09692E1F1EE506002E2CD3 /* main.m */ = {isa = PBXFileReference; lastKnownFileType = sourcecode.c.objc; path = main.m; sourceTree = "<group>"; };
		EC0969301F1EE506002E2CD3 /* AppDelegate.h */ = {isa = PBXFileReference; lastKnownFileType = sourcecode.c.h; path = AppDelegate.h; sourceTree = "<group>"; };
		EC0969311F1EE506002E2CD3 /* AppDelegate.m */ = {isa = PBXFileReference; lastKnownFileType = sourcecode.c.objc; path = AppDelegate.m; sourceTree = "<group>"; };
		EC0969331F1EE506002E2CD3 /* ViewController.h */ = {isa = PBXFileReference; lastKnownFileType = sourcecode.c.h; path = ViewController.h; sourceTree = "<group>"; };
		EC0969341F1EE506002E2CD3 /* ViewController.m */ = {isa = PBXFileReference; lastKnownFileType = sourcecode.c.objc; path = ViewController.m; sourceTree = "<group>"; };
		EC0969371F1EE506002E2CD3 /* Base */ = {isa = PBXFileReference; lastKnownFileType = file.storyboard; name = Base; path = Base.lproj/Main.storyboard; sourceTree = "<group>"; };
		EC0969391F1EE506002E2CD3 /* Assets.xcassets */ = {isa = PBXFileReference; lastKnownFileType = folder.assetcatalog; path = Assets.xcassets; sourceTree = "<group>"; };
		EC09693C1F1EE506002E2CD3 /* Base */ = {isa = PBXFileReference; lastKnownFileType = file.storyboard; name = Base; path = Base.lproj/LaunchScreen.storyboard; sourceTree = "<group>"; };
		EC09693E1F1EE506002E2CD3 /* Info.plist */ = {isa = PBXFileReference; lastKnownFileType = text.plist.xml; path = Info.plist; sourceTree = "<group>"; };
/* End PBXFileReference section */

/* Begin PBXFrameworksBuildPhase section */
		EC0969271F1EE506002E2CD3 /* Frameworks */ = {
			isa = PBXFrameworksBuildPhase;
			buildActionMask = 2147483647;
			files = (
			);
			runOnlyForDeploymentPostprocessing = 0;
		};
/* End PBXFrameworksBuildPhase section */

/* Begin PBXGroup section */
		EC0969211F1EE506002E2CD3 = {
			isa = PBXGroup;
			children = (
				EC09692C1F1EE506002E2CD3 /* TextView */,
				EC09692B1F1EE506002E2CD3 /* Products */,
			);
			sourceTree = "<group>";
		};
		EC09692B1F1EE506002E2CD3 /* Products */ = {
			isa = PBXGroup;
			children = (
				EC09692A1F1EE506002E2CD3 /* TextView.app */,
			);
			name = Products;
			sourceTree = "<group>";
		};
		EC09692C1F1EE506002E2CD3 /* TextView */ = {
			isa = PBXGroup;
			children = (
				EC0969301F1EE506002E2CD3 /* AppDelegate.h */,
				EC0969311F1EE506002E2CD3 /* AppDelegate.m */,
				EC0969331F1EE506002E2CD3 /* ViewController.h */,
				EC0969341F1EE506002E2CD3 /* ViewController.m */,
				EC0969361F1EE506002E2CD3 /* Main.storyboard */,
				EC0969391F1EE506002E2CD3 /* Assets.xcassets */,
				EC09693B1F1EE506002E2CD3 /* LaunchScreen.storyboard */,
				EC09693E1F1EE506002E2CD3 /* Info.plist */,
				EC09692D1F1EE506002E2CD3 /* Supporting Files */,
			);
			path = TextView;
			sourceTree = "<group>";
		};
		EC09692D1F1EE506002E2CD3 /* Supporting Files */ = {
			isa = PBXGroup;
			children = (
				EC09692E1F1EE506002E2CD3 /* main.m */,
			);
			name = "Supporting Files";
			sourceTree = "<group>";
		};
/* End PBXGroup section */

/* Begin PBXNativeTarget section */
		EC0969291F1EE506002E2CD3 /* TextView */ = {
			isa = PBXNativeTarget;
			buildConfigurationList = EC0969411F1EE506002E2CD3 /* Build configuration list for PBXNativeTarget "TextView" */;
			buildPhases = (
				EC0969261F1EE506002E2CD3 /* Sources */,
				EC0969271F1EE506002E2CD3 /* Frameworks */,
				EC0969281F1EE506002E2CD3 /* Resources */,
			);
			buildRules = (
			);
			dependencies = (
			);
			name = TextView;
			productName = TextView;
			productReference = EC09692A1F1EE506002E2CD3 /* TextView.app */;
			productType = "com.apple.product-type.application";
		};
/* End PBXNativeTarget section */

/* Begin PBXProject section */
		EC0969221F1EE506002E2CD3 /* Project object */ = {
			isa = PBXProject;
			attributes = {
				LastUpgradeCheck = 0720;
				ORGANIZATIONNAME = Qson11;
				TargetAttributes = {
					EC0969291F1EE506002E2CD3 = {
						CreatedOnToolsVersion = 7.2;
					};
				};
			};
			buildConfigurationList = EC0969251F1EE506002E2CD3 /* Build configuration list for PBXProject "TextView" */;
			compatibilityVersion = "Xcode 3.2";
			developmentRegion = English;
			hasScannedForEncodings = 0;
			knownRegions = (
				en,
				Base,
			);
			mainGroup = EC0969211F1EE506002E2CD3;
			productRefGroup = EC09692B1F1EE506002E2CD3 /* Products */;
			projectDirPath = "";
			projectRoot = "";
			targets = (
				EC0969291F1EE506002E2CD3 /* TextView */,
			);
		};
/* End PBXProject section */

/* Begin PBXResourcesBuildPhase section */
		EC0969281F1EE506002E2CD3 /* Resources */ = {
			isa = PBXResourcesBuildPhase;
			buildActionMask = 2147483647;
			files = (
				EC09693D1F1EE506002E2CD3 /* LaunchScreen.storyboard in Resources */,
				EC09693A1F1EE506002E2CD3 /* Assets.xcassets in Resources */,
				EC0969381F1EE506002E2CD3 /* Main.storyboard in Resources */,
			);
			runOnlyForDeploymentPostprocessing = 0;
		};
/* End PBXResourcesBuildPhase section */

/* Begin PBXSourcesBuildPhase section */
		EC0969261F1EE506002E2CD3 /* Sources */ = {
			isa = PBXSourcesBuildPhase;
			buildActionMask = 2147483647;
			files = (
				EC0969351F1EE506002E2CD3 /* ViewController.m in Sources */,
				EC0969321F1EE506002E2CD3 /* AppDelegate.m in Sources */,
				EC09692F1F1EE506002E2CD3 /* main.m in Sources */,
			);
			runOnlyForDeploymentPostprocessing = 0;
		};
/* End PBXSourcesBuildPhase section */

/* Begin PBXVariantGroup section */
		EC0969361F1EE506002E2CD3 /* Main.storyboard */ = {
			isa = PBXVariantGroup;
			children = (
				EC0969371F1EE506002E2CD3 /* Base */,
			);
			name = Main.storyboard;
			sourceTree = "<group>";
		};
		EC09693B1F1EE506002E2CD3 /* LaunchScreen.storyboard */ = {
			isa = PBXVariantGroup;
			children = (
				EC09693C1F1EE506002E2CD3 /* Base */,
			);
			name = LaunchScreen.storyboard;
			sourceTree = "<group>";
		};
/* End PBXVariantGroup section */

/* Begin XCBuildConfiguration section */
		EC09693F1F1EE506002E2CD3 /* Debug */ = {
			isa = XCBuildConfiguration;
			buildSettings = {
				ALWAYS_SEARCH_USER_PATHS = NO;
				CLANG_CXX_LANGUAGE_STANDARD = "gnu++0x";
				CLANG_CXX_LIBRARY = "libc++";
				CLANG_ENABLE_MODULES = YES;
				CLANG_ENABLE_OBJC_ARC = YES;
				CLANG_WARN_BOOL_CONVERSION = YES;
				CLANG_WARN_CONSTANT_CONVERSION = YES;
				CLANG_WARN_DIRECT_OBJC_ISA_USAGE = YES_ERROR;
				CLANG_WARN_EMPTY_BODY = YES;
				CLANG_WARN_ENUM_CONVERSION = YES;
				CLANG_WARN_INT_CONVERSION = YES;
				CLANG_WARN_OBJC_ROOT_CLASS = YES_ERROR;
				CLANG_WARN_UNREACHABLE_CODE = YES;
				CLANG_WARN__DUPLICATE_METHOD_MATCH = YES;
				"CODE_SIGN_IDENTITY[sdk=iphoneos*]" = "iPhone Developer";
				COPY_PHASE_STRIP = NO;
				DEBUG_INFORMATION_FORMAT = dwarf;
				ENABLE_STRICT_OBJC_MSGSEND = YES;
				ENABLE_TESTABILITY = YES;
				GCC_C_LANGUAGE_STANDARD = gnu99;
				GCC_DYNAMIC_NO_PIC = NO;
				GCC_NO_COMMON_BLOCKS = YES;
				GCC_OPTIMIZATION_LEVEL = 0;
				GCC_PREPROCESSOR_DEFINITIONS = (
					"DEBUG=1",
					"$(inherited)",
				);
				GCC_WARN_64_TO_32_BIT_CONVERSION = YES;
				GCC_WARN_ABOUT_RETURN_TYPE = YES_ERROR;
				GCC_WARN_UNDECLARED_SELECTOR = YES;
				GCC_WARN_UNINITIALIZED_AUTOS = YES_AGGRESSIVE;
				GCC_WARN_UNUSED_FUNCTION = YES;
				GCC_WARN_UNUSED_VARIABLE = YES;
				IPHONEOS_DEPLOYMENT_TARGET = 9.2;
				MTL_ENABLE_DEBUG_INFO = YES;
				ONLY_ACTIVE_ARCH = YES;
				SDKROOT = iphoneos;
			};
			name = Debug;
		};
		EC0969401F1EE506002E2CD3 /* Release */ = {
			isa = XCBuildConfiguration;
			buildSettings = {
				ALWAYS_SEARCH_USER_PATHS = NO;
				CLANG_CXX_LANGUAGE_STANDARD = "gnu++0x";
				CLANG_CXX_LIBRARY = "libc++";
				CLANG_ENABLE_MODULES = YES;
				CLANG_ENABLE_OBJC_ARC = YES;
				CLANG_WARN_BOOL_CONVERSION = YES;
				CLANG_WARN_CONSTANT_CONVERSION = YES;
				CLANG_WARN_DIRECT_OBJC_ISA_USAGE = YES_ERROR;
				CLANG_WARN_EMPTY_BODY = YES;
				CLANG_WARN_ENUM_CONVERSION = YES;
				CLANG_WARN_INT_CONVERSION = YES;
				CLANG_WARN_OBJC_ROOT_CLASS = YES_ERROR;
				CLANG_WARN_UNREACHABLE_CODE = YES;
				CLANG_WARN__DUPLICATE_METHOD_MATCH = YES;
				"CODE_SIGN_IDENTITY[sdk=iphoneos*]" = "iPhone Developer";
				COPY_PHASE_STRIP = NO;
				DEBUG_INFORMATION_FORMAT = "dwarf-with-dsym";
				ENABLE_NS_ASSERTIONS = NO;
				ENABLE_STRICT_OBJC_MSGSEND = YES;
				GCC_C_LANGUAGE_STANDARD = gnu99;
				GCC_NO_COMMON_BLOCKS = YES;
				GCC_WARN_64_TO_32_BIT_CONVERSION = YES;
				GCC_WARN_ABOUT_RETURN_TYPE = YES_ERROR;
				GCC_WARN_UNDECLARED_SELECTOR = YES;
				GCC_WARN_UNINITIALIZED_AUTOS = YES_AGGRESSIVE;
				GCC_WARN_UNUSED_FUNCTION = YES;
				GCC_WARN_UNUSED_VARIABLE = YES;
				IPHONEOS_DEPLOYMENT_TARGET = 9.2;
				MTL_ENABLE_DEBUG_INFO = NO;
				SDKROOT = iphoneos;
				VALIDATE_PRODUCT = YES;
			};
			name = Release;
		};
		EC0969421F1EE506002E2CD3 /* Debug */ = {
			isa = XCBuildConfiguration;
			buildSettings = {
				ASSETCATALOG_COMPILER_APPICON_NAME = AppIcon;
				INFOPLIST_FILE = TextView/Info.plist;
				LD_RUNPATH_SEARCH_PATHS = "$(inherited) @executable_path/Frameworks";
				PRODUCT_BUNDLE_IDENTIFIER = QS.TextView;
				PRODUCT_NAME = "$(TARGET_NAME)";
			};
			name = Debug;
		};
		EC0969431F1EE506002E2CD3 /* Release */ = {
			isa = XCBuildConfiguration;
			buildSettings = {
				ASSETCATALOG_COMPILER_APPICON_NAME = AppIcon;
				INFOPLIST_FILE = TextView/Info.plist;
				LD_RUNPATH_SEARCH_PATHS = "$(inherited) @executable_path/Frameworks";
				PRODUCT_BUNDLE_IDENTIFIER = QS.TextView;
				PRODUCT_NAME = "$(TARGET_NAME)";
			};
			name = Release;
		};
/* End XCBuildConfiguration section */

/* Begin XCConfigurationList section */
		EC0969251F1EE506002E2CD3 /* Build configuration list for PBXProject "TextView" */ = {
			isa = XCConfigurationList;
			buildConfigurations = (
				EC09693F1F1EE506002E2CD3 /* Debug */,
				EC0969401F1EE506002E2CD3 /* Release */,
			);
			defaultConfigurationIsVisible = 0;
			defaultConfigurationName = Release;
		};
		EC0969411F1EE506002E2CD3 /* Build configuration list for PBXNativeTarget "TextView" */ = {
			isa = XCConfigurationList;
			buildConfigurations = (
				EC0969421F1EE506002E2CD3 /* Debug */,
				EC0969431F1EE506002E2CD3 /* Release */,
			);
			defaultConfigurationIsVisible = 0;
		};
/* End XCConfigurationList section */
	};
	rootObject = EC0969221F1EE506002E2CD3 /* Project object */;
}
